// !$*UTF8*$!
{
	archiveVersion = 1;
	classes = {
	};
	objectVersion = 46;
	objects = {

/* Begin PBXBuildFile section */
		D6D654F31CFCF8220094E52F /* AppDelegate.swift in Sources */ = {isa = PBXBuildFile; fileRef = D6D654F21CFCF8220094E52F /* AppDelegate.swift */; };
		D6D654F51CFCF8220094E52F /* ViewController.swift in Sources */ = {isa = PBXBuildFile; fileRef = D6D654F41CFCF8220094E52F /* ViewController.swift */; };
		D6D654F81CFCF8220094E52F /* Main.storyboard in Resources */ = {isa = PBXBuildFile; fileRef = D6D654F61CFCF8220094E52F /* Main.storyboard */; };
		D6D654FA1CFCF8220094E52F /* Assets.xcassets in Resources */ = {isa = PBXBuildFile; fileRef = D6D654F91CFCF8220094E52F /* Assets.xcassets */; };
		D6D654FD1CFCF8220094E52F /* LaunchScreen.storyboard in Resources */ = {isa = PBXBuildFile; fileRef = D6D654FB1CFCF8220094E52F /* LaunchScreen.storyboard */; };
		D6D655081CFCF8230094E52F /* carouselTests.swift in Sources */ = {isa = PBXBuildFile; fileRef = D6D655071CFCF8230094E52F /* carouselTests.swift */; };
		D6D655131CFCF8230094E52F /* carouselUITests.swift in Sources */ = {isa = PBXBuildFile; fileRef = D6D655121CFCF8230094E52F /* carouselUITests.swift */; };
		D6D655211CFCFF3F0094E52F /* Common.swift in Sources */ = {isa = PBXBuildFile; fileRef = D6D655201CFCFF3F0094E52F /* Common.swift */; };
		D6D655231CFD01010094E52F /* IntroViewController.swift in Sources */ = {isa = PBXBuildFile; fileRef = D6D655221CFD01010094E52F /* IntroViewController.swift */; };
		D6D655251CFD10F30094E52F /* LoginViewController.swift in Sources */ = {isa = PBXBuildFile; fileRef = D6D655241CFD10F30094E52F /* LoginViewController.swift */; };
		D6D655271CFD3F040094E52F /* TutorialsViewController.swift in Sources */ = {isa = PBXBuildFile; fileRef = D6D655261CFD3F040094E52F /* TutorialsViewController.swift */; };
		D6D655291CFD5B540094E52F /* TimelineViewController.swift in Sources */ = {isa = PBXBuildFile; fileRef = D6D655281CFD5B540094E52F /* TimelineViewController.swift */; };
		D6D6552B1CFD65030094E52F /* ConversationsViewController.swift in Sources */ = {isa = PBXBuildFile; fileRef = D6D6552A1CFD65030094E52F /* ConversationsViewController.swift */; };
		D6D6552D1CFD676F0094E52F /* SettingsViewController.swift in Sources */ = {isa = PBXBuildFile; fileRef = D6D6552C1CFD676F0094E52F /* SettingsViewController.swift */; };
/* End PBXBuildFile section */

/* Begin PBXContainerItemProxy section */
		D6D655041CFCF8230094E52F /* PBXContainerItemProxy */ = {
			isa = PBXContainerItemProxy;
			containerPortal = D6D654E71CFCF8220094E52F /* Project object */;
			proxyType = 1;
			remoteGlobalIDString = D6D654EE1CFCF8220094E52F;
			remoteInfo = carousel;
		};
		D6D6550F1CFCF8230094E52F /* PBXContainerItemProxy */ = {
			isa = PBXContainerItemProxy;
			containerPortal = D6D654E71CFCF8220094E52F /* Project object */;
			proxyType = 1;
			remoteGlobalIDString = D6D654EE1CFCF8220094E52F;
			remoteInfo = carousel;
		};
/* End PBXContainerItemProxy section */

/* Begin PBXFileReference section */
		D6D654EF1CFCF8220094E52F /* carousel.app */ = {isa = PBXFileReference; explicitFileType = wrapper.application; includeInIndex = 0; path = carousel.app; sourceTree = BUILT_PRODUCTS_DIR; };
		D6D654F21CFCF8220094E52F /* AppDelegate.swift */ = {isa = PBXFileReference; lastKnownFileType = sourcecode.swift; path = AppDelegate.swift; sourceTree = "<group>"; };
		D6D654F41CFCF8220094E52F /* ViewController.swift */ = {isa = PBXFileReference; lastKnownFileType = sourcecode.swift; path = ViewController.swift; sourceTree = "<group>"; };
		D6D654F71CFCF8220094E52F /* Base */ = {isa = PBXFileReference; lastKnownFileType = file.storyboard; name = Base; path = Base.lproj/Main.storyboard; sourceTree = "<group>"; };
		D6D654F91CFCF8220094E52F /* Assets.xcassets */ = {isa = PBXFileReference; lastKnownFileType = folder.assetcatalog; path = Assets.xcassets; sourceTree = "<group>"; };
		D6D654FC1CFCF8220094E52F /* Base */ = {isa = PBXFileReference; lastKnownFileType = file.storyboard; name = Base; path = Base.lproj/LaunchScreen.storyboard; sourceTree = "<group>"; };
		D6D654FE1CFCF8220094E52F /* Info.plist */ = {isa = PBXFileReference; lastKnownFileType = text.plist.xml; path = Info.plist; sourceTree = "<group>"; };
		D6D655031CFCF8230094E52F /* carouselTests.xctest */ = {isa = PBXFileReference; explicitFileType = wrapper.cfbundle; includeInIndex = 0; path = carouselTests.xctest; sourceTree = BUILT_PRODUCTS_DIR; };
		D6D655071CFCF8230094E52F /* carouselTests.swift */ = {isa = PBXFileReference; lastKnownFileType = sourcecode.swift; path = carouselTests.swift; sourceTree = "<group>"; };
		D6D655091CFCF8230094E52F /* Info.plist */ = {isa = PBXFileReference; lastKnownFileType = text.plist.xml; path = Info.plist; sourceTree = "<group>"; };
		D6D6550E1CFCF8230094E52F /* carouselUITests.xctest */ = {isa = PBXFileReference; explicitFileType = wrapper.cfbundle; includeInIndex = 0; path = carouselUITests.xctest; sourceTree = BUILT_PRODUCTS_DIR; };
		D6D655121CFCF8230094E52F /* carouselUITests.swift */ = {isa = PBXFileReference; lastKnownFileType = sourcecode.swift; path = carouselUITests.swift; sourceTree = "<group>"; };
		D6D655141CFCF8230094E52F /* Info.plist */ = {isa = PBXFileReference; lastKnownFileType = text.plist.xml; path = Info.plist; sourceTree = "<group>"; };
		D6D655201CFCFF3F0094E52F /* Common.swift */ = {isa = PBXFileReference; fileEncoding = 4; lastKnownFileType = sourcecode.swift; path = Common.swift; sourceTree = "<group>"; };
		D6D655221CFD01010094E52F /* IntroViewController.swift */ = {isa = PBXFileReference; fileEncoding = 4; lastKnownFileType = sourcecode.swift; path = IntroViewController.swift; sourceTree = "<group>"; };
		D6D655241CFD10F30094E52F /* LoginViewController.swift */ = {isa = PBXFileReference; fileEncoding = 4; lastKnownFileType = sourcecode.swift; path = LoginViewController.swift; sourceTree = "<group>"; };
		D6D655261CFD3F040094E52F /* TutorialsViewController.swift */ = {isa = PBXFileReference; fileEncoding = 4; lastKnownFileType = sourcecode.swift; path = TutorialsViewController.swift; sourceTree = "<group>"; };
		D6D655281CFD5B540094E52F /* TimelineViewController.swift */ = {isa = PBXFileReference; fileEncoding = 4; lastKnownFileType = sourcecode.swift; path = TimelineViewController.swift; sourceTree = "<group>"; };
		D6D6552A1CFD65030094E52F /* ConversationsViewController.swift */ = {isa = PBXFileReference; fileEncoding = 4; lastKnownFileType = sourcecode.swift; path = ConversationsViewController.swift; sourceTree = "<group>"; };
		D6D6552C1CFD676F0094E52F /* SettingsViewController.swift */ = {isa = PBXFileReference; fileEncoding = 4; lastKnownFileType = sourcecode.swift; path = SettingsViewController.swift; sourceTree = "<group>"; };
/* End PBXFileReference section */

/* Begin PBXFrameworksBuildPhase section */
		D6D654EC1CFCF8220094E52F /* Frameworks */ = {
			isa = PBXFrameworksBuildPhase;
			buildActionMask = 2147483647;
			files = (
			);
			runOnlyForDeploymentPostprocessing = 0;
		};
		D6D655001CFCF8230094E52F /* Frameworks */ = {
			isa = PBXFrameworksBuildPhase;
			buildActionMask = 2147483647;
			files = (
			);
			runOnlyForDeploymentPostprocessing = 0;
		};
		D6D6550B1CFCF8230094E52F /* Frameworks */ = {
			isa = PBXFrameworksBuildPhase;
			buildActionMask = 2147483647;
			files = (
			);
			runOnlyForDeploymentPostprocessing = 0;
		};
/* End PBXFrameworksBuildPhase section */

/* Begin PBXGroup section */
		D6D654E61CFCF8220094E52F = {
			isa = PBXGroup;
			children = (
				D6D654F11CFCF8220094E52F /* carousel */,
				D6D655061CFCF8230094E52F /* carouselTests */,
				D6D655111CFCF8230094E52F /* carouselUITests */,
				D6D654F01CFCF8220094E52F /* Products */,
			);
			sourceTree = "<group>";
		};
		D6D654F01CFCF8220094E52F /* Products */ = {
			isa = PBXGroup;
			children = (
				D6D654EF1CFCF8220094E52F /* carousel.app */,
				D6D655031CFCF8230094E52F /* carouselTests.xctest */,
				D6D6550E1CFCF8230094E52F /* carouselUITests.xctest */,
			);
			name = Products;
			sourceTree = "<group>";
		};
		D6D654F11CFCF8220094E52F /* carousel */ = {
			isa = PBXGroup;
			children = (
				D6D655201CFCFF3F0094E52F /* Common.swift */,
				D6D654F21CFCF8220094E52F /* AppDelegate.swift */,
				D6D654F41CFCF8220094E52F /* ViewController.swift */,
				D6D654F61CFCF8220094E52F /* Main.storyboard */,
				D6D654F91CFCF8220094E52F /* Assets.xcassets */,
				D6D654FB1CFCF8220094E52F /* LaunchScreen.storyboard */,
				D6D654FE1CFCF8220094E52F /* Info.plist */,
				D6D655221CFD01010094E52F /* IntroViewController.swift */,
				D6D655241CFD10F30094E52F /* LoginViewController.swift */,
				D6D655261CFD3F040094E52F /* TutorialsViewController.swift */,
				D6D655281CFD5B540094E52F /* TimelineViewController.swift */,
				D6D6552A1CFD65030094E52F /* ConversationsViewController.swift */,
				D6D6552C1CFD676F0094E52F /* SettingsViewController.swift */,
			);
			path = carousel;
			sourceTree = "<group>";
		};
		D6D655061CFCF8230094E52F /* carouselTests */ = {
			isa = PBXGroup;
			children = (
				D6D655071CFCF8230094E52F /* carouselTests.swift */,
				D6D655091CFCF8230094E52F /* Info.plist */,
			);
			path = carouselTests;
			sourceTree = "<group>";
		};
		D6D655111CFCF8230094E52F /* carouselUITests */ = {
			isa = PBXGroup;
			children = (
				D6D655121CFCF8230094E52F /* carouselUITests.swift */,
				D6D655141CFCF8230094E52F /* Info.plist */,
			);
			path = carouselUITests;
			sourceTree = "<group>";
		};
/* End PBXGroup section */

/* Begin PBXNativeTarget section */
		D6D654EE1CFCF8220094E52F /* carousel */ = {
			isa = PBXNativeTarget;
			buildConfigurationList = D6D655171CFCF8230094E52F /* Build configuration list for PBXNativeTarget "carousel" */;
			buildPhases = (
				D6D654EB1CFCF8220094E52F /* Sources */,
				D6D654EC1CFCF8220094E52F /* Frameworks */,
				D6D654ED1CFCF8220094E52F /* Resources */,
			);
			buildRules = (
			);
			dependencies = (
			);
			name = carousel;
			productName = carousel;
			productReference = D6D654EF1CFCF8220094E52F /* carousel.app */;
			productType = "com.apple.product-type.application";
		};
		D6D655021CFCF8230094E52F /* carouselTests */ = {
			isa = PBXNativeTarget;
			buildConfigurationList = D6D6551A1CFCF8230094E52F /* Build configuration list for PBXNativeTarget "carouselTests" */;
			buildPhases = (
				D6D654FF1CFCF8230094E52F /* Sources */,
				D6D655001CFCF8230094E52F /* Frameworks */,
				D6D655011CFCF8230094E52F /* Resources */,
			);
			buildRules = (
			);
			dependencies = (
				D6D655051CFCF8230094E52F /* PBXTargetDependency */,
			);
			name = carouselTests;
			productName = carouselTests;
			productReference = D6D655031CFCF8230094E52F /* carouselTests.xctest */;
			productType = "com.apple.product-type.bundle.unit-test";
		};
		D6D6550D1CFCF8230094E52F /* carouselUITests */ = {
			isa = PBXNativeTarget;
			buildConfigurationList = D6D6551D1CFCF8230094E52F /* Build configuration list for PBXNativeTarget "carouselUITests" */;
			buildPhases = (
				D6D6550A1CFCF8230094E52F /* Sources */,
				D6D6550B1CFCF8230094E52F /* Frameworks */,
				D6D6550C1CFCF8230094E52F /* Resources */,
			);
			buildRules = (
			);
			dependencies = (
				D6D655101CFCF8230094E52F /* PBXTargetDependency */,
			);
			name = carouselUITests;
			productName = carouselUITests;
			productReference = D6D6550E1CFCF8230094E52F /* carouselUITests.xctest */;
			productType = "com.apple.product-type.bundle.ui-testing";
		};
/* End PBXNativeTarget section */

/* Begin PBXProject section */
		D6D654E71CFCF8220094E52F /* Project object */ = {
			isa = PBXProject;
			attributes = {
				LastSwiftUpdateCheck = 0720;
				LastUpgradeCheck = 0720;
				ORGANIZATIONNAME = "Tony Yeung";
				TargetAttributes = {
					D6D654EE1CFCF8220094E52F = {
						CreatedOnToolsVersion = 7.2.1;
					};
					D6D655021CFCF8230094E52F = {
						CreatedOnToolsVersion = 7.2.1;
						TestTargetID = D6D654EE1CFCF8220094E52F;
					};
					D6D6550D1CFCF8230094E52F = {
						CreatedOnToolsVersion = 7.2.1;
						TestTargetID = D6D654EE1CFCF8220094E52F;
					};
				};
			};
			buildConfigurationList = D6D654EA1CFCF8220094E52F /* Build configuration list for PBXProject "carousel" */;
			compatibilityVersion = "Xcode 3.2";
			developmentRegion = English;
			hasScannedForEncodings = 0;
			knownRegions = (
				en,
				Base,
			);
			mainGroup = D6D654E61CFCF8220094E52F;
			productRefGroup = D6D654F01CFCF8220094E52F /* Products */;
			projectDirPath = "";
			projectRoot = "";
			targets = (
				D6D654EE1CFCF8220094E52F /* carousel */,
				D6D655021CFCF8230094E52F /* carouselTests */,
				D6D6550D1CFCF8230094E52F /* carouselUITests */,
			);
		};
/* End PBXProject section */

/* Begin PBXResourcesBuildPhase section */
		D6D654ED1CFCF8220094E52F /* Resources */ = {
			isa = PBXResourcesBuildPhase;
			buildActionMask = 2147483647;
			files = (
				D6D654FD1CFCF8220094E52F /* LaunchScreen.storyboard in Resources */,
				D6D654FA1CFCF8220094E52F /* Assets.xcassets in Resources */,
				D6D654F81CFCF8220094E52F /* Main.storyboard in Resources */,
			);
			runOnlyForDeploymentPostprocessing = 0;
		};
		D6D655011CFCF8230094E52F /* Resources */ = {
			isa = PBXResourcesBuildPhase;
			buildActionMask = 2147483647;
			files = (
			);
			runOnlyForDeploymentPostprocessing = 0;
		};
		D6D6550C1CFCF8230094E52F /* Resources */ = {
			isa = PBXResourcesBuildPhase;
			buildActionMask = 2147483647;
			files = (
			);
			runOnlyForDeploymentPostprocessing = 0;
		};
/* End PBXResourcesBuildPhase section */

/* Begin PBXSourcesBuildPhase section */
		D6D654EB1CFCF8220094E52F /* Sources */ = {
			isa = PBXSourcesBuildPhase;
			buildActionMask = 2147483647;
			files = (
				D6D655271CFD3F040094E52F /* TutorialsViewController.swift in Sources */,
				D6D654F51CFCF8220094E52F /* ViewController.swift in Sources */,
				D6D655211CFCFF3F0094E52F /* Common.swift in Sources */,
				D6D6552B1CFD65030094E52F /* ConversationsViewController.swift in Sources */,
				D6D654F31CFCF8220094E52F /* AppDelegate.swift in Sources */,
				D6D655291CFD5B540094E52F /* TimelineViewController.swift in Sources */,
				D6D655251CFD10F30094E52F /* LoginViewController.swift in Sources */,
				D6D655231CFD01010094E52F /* IntroViewController.swift in Sources */,
				D6D6552D1CFD676F0094E52F /* SettingsViewController.swift in Sources */,
			);
			runOnlyForDeploymentPostprocessing = 0;
		};
		D6D654FF1CFCF8230094E52F /* Sources */ = {
			isa = PBXSourcesBuildPhase;
			buildActionMask = 2147483647;
			files = (
				D6D655081CFCF8230094E52F /* carouselTests.swift in Sources */,
			);
			runOnlyForDeploymentPostprocessing = 0;
		};
		D6D6550A1CFCF8230094E52F /* Sources */ = {
			isa = PBXSourcesBuildPhase;
			buildActionMask = 2147483647;
			files = (
				D6D655131CFCF8230094E52F /* carouselUITests.swift in Sources */,
			);
			runOnlyForDeploymentPostprocessing = 0;
		};
/* End PBXSourcesBuildPhase section */

/* Begin PBXTargetDependency section */
		D6D655051CFCF8230094E52F /* PBXTargetDependency */ = {
			isa = PBXTargetDependency;
			target = D6D654EE1CFCF8220094E52F /* carousel */;
			targetProxy = D6D655041CFCF8230094E52F /* PBXContainerItemProxy */;
		};
		D6D655101CFCF8230094E52F /* PBXTargetDependency */ = {
			isa = PBXTargetDependency;
			target = D6D654EE1CFCF8220094E52F /* carousel */;
			targetProxy = D6D6550F1CFCF8230094E52F /* PBXContainerItemProxy */;
		};
/* End PBXTargetDependency section */

/* Begin PBXVariantGroup section */
		D6D654F61CFCF8220094E52F /* Main.storyboard */ = {
			isa = PBXVariantGroup;
			children = (
				D6D654F71CFCF8220094E52F /* Base */,
			);
			name = Main.storyboard;
			sourceTree = "<group>";
		};
		D6D654FB1CFCF8220094E52F /* LaunchScreen.storyboard */ = {
			isa = PBXVariantGroup;
			children = (
				D6D654FC1CFCF8220094E52F /* Base */,
			);
			name = LaunchScreen.storyboard;
			sourceTree = "<group>";
		};
/* End PBXVariantGroup section */

/* Begin XCBuildConfiguration section */
		D6D655151CFCF8230094E52F /* Debug */ = {
			isa = XCBuildConfiguration;
			buildSettings = {
				ALWAYS_SEARCH_USER_PATHS = NO;
				CLANG_CXX_LANGUAGE_STANDARD = "gnu++0x";
				CLANG_CXX_LIBRARY = "libc++";
				CLANG_ENABLE_MODULES = YES;
				CLANG_ENABLE_OBJC_ARC = YES;
				CLANG_WARN_BOOL_CONVERSION = YES;
				CLANG_WARN_CONSTANT_CONVERSION = YES;
				CLANG_WARN_DIRECT_OBJC_ISA_USAGE = YES_ERROR;
				CLANG_WARN_EMPTY_BODY = YES;
				CLANG_WARN_ENUM_CONVERSION = YES;
				CLANG_WARN_INT_CONVERSION = YES;
				CLANG_WARN_OBJC_ROOT_CLASS = YES_ERROR;
				CLANG_WARN_UNREACHABLE_CODE = YES;
				CLANG_WARN__DUPLICATE_METHOD_MATCH = YES;
				"CODE_SIGN_IDENTITY[sdk=iphoneos*]" = "iPhone Developer";
				COPY_PHASE_STRIP = NO;
				DEBUG_INFORMATION_FORMAT = dwarf;
				ENABLE_STRICT_OBJC_MSGSEND = YES;
				ENABLE_TESTABILITY = YES;
				GCC_C_LANGUAGE_STANDARD = gnu99;
				GCC_DYNAMIC_NO_PIC = NO;
				GCC_NO_COMMON_BLOCKS = YES;
				GCC_OPTIMIZATION_LEVEL = 0;
				GCC_PREPROCESSOR_DEFINITIONS = (
					"DEBUG=1",
					"$(inherited)",
				);
				GCC_WARN_64_TO_32_BIT_CONVERSION = YES;
				GCC_WARN_ABOUT_RETURN_TYPE = YES_ERROR;
				GCC_WARN_UNDECLARED_SELECTOR = YES;
				GCC_WARN_UNINITIALIZED_AUTOS = YES_AGGRESSIVE;
				GCC_WARN_UNUSED_FUNCTION = YES;
				GCC_WARN_UNUSED_VARIABLE = YES;
				IPHONEOS_DEPLOYMENT_TARGET = 9.2;
				MTL_ENABLE_DEBUG_INFO = YES;
				ONLY_ACTIVE_ARCH = YES;
				SDKROOT = iphoneos;
				SWIFT_OPTIMIZATION_LEVEL = "-Onone";
			};
			name = Debug;
		};
		D6D655161CFCF8230094E52F /* Release */ = {
			isa = XCBuildConfiguration;
			buildSettings = {
				ALWAYS_SEARCH_USER_PATHS = NO;
				CLANG_CXX_LANGUAGE_STANDARD = "gnu++0x";
				CLANG_CXX_LIBRARY = "libc++";
				CLANG_ENABLE_MODULES = YES;
				CLANG_ENABLE_OBJC_ARC = YES;
				CLANG_WARN_BOOL_CONVERSION = YES;
				CLANG_WARN_CONSTANT_CONVERSION = YES;
				CLANG_WARN_DIRECT_OBJC_ISA_USAGE = YES_ERROR;
				CLANG_WARN_EMPTY_BODY = YES;
				CLANG_WARN_ENUM_CONVERSION = YES;
				CLANG_WARN_INT_CONVERSION = YES;
				CLANG_WARN_OBJC_ROOT_CLASS = YES_ERROR;
				CLANG_WARN_UNREACHABLE_CODE = YES;
				CLANG_WARN__DUPLICATE_METHOD_MATCH = YES;
				"CODE_SIGN_IDENTITY[sdk=iphoneos*]" = "iPhone Developer";
				COPY_PHASE_STRIP = NO;
				DEBUG_INFORMATION_FORMAT = "dwarf-with-dsym";
				ENABLE_NS_ASSERTIONS = NO;
				ENABLE_STRICT_OBJC_MSGSEND = YES;
				GCC_C_LANGUAGE_STANDARD = gnu99;
				GCC_NO_COMMON_BLOCKS = YES;
				GCC_WARN_64_TO_32_BIT_CONVERSION = YES;
				GCC_WARN_ABOUT_RETURN_TYPE = YES_ERROR;
				GCC_WARN_UNDECLARED_SELECTOR = YES;
				GCC_WARN_UNINITIALIZED_AUTOS = YES_AGGRESSIVE;
				GCC_WARN_UNUSED_FUNCTION = YES;
				GCC_WARN_UNUSED_VARIABLE = YES;
				IPHONEOS_DEPLOYMENT_TARGET = 9.2;
				MTL_ENABLE_DEBUG_INFO = NO;
				SDKROOT = iphoneos;
				VALIDATE_PRODUCT = YES;
			};
			name = Release;
		};
		D6D655181CFCF8230094E52F /* Debug */ = {
			isa = XCBuildConfiguration;
			buildSettings = {
				ASSETCATALOG_COMPILER_APPICON_NAME = AppIcon;
				INFOPLIST_FILE = carousel/Info.plist;
				LD_RUNPATH_SEARCH_PATHS = "$(inherited) @executable_path/Frameworks";
				PRODUCT_BUNDLE_IDENTIFIER = com.tyeung.carousel;
				PRODUCT_NAME = "$(TARGET_NAME)";
			};
			name = Debug;
		};
		D6D655191CFCF8230094E52F /* Release */ = {
			isa = XCBuildConfiguration;
			buildSettings = {
				ASSETCATALOG_COMPILER_APPICON_NAME = AppIcon;
				INFOPLIST_FILE = carousel/Info.plist;
				LD_RUNPATH_SEARCH_PATHS = "$(inherited) @executable_path/Frameworks";
				PRODUCT_BUNDLE_IDENTIFIER = com.tyeung.carousel;
				PRODUCT_NAME = "$(TARGET_NAME)";
			};
			name = Release;
		};
		D6D6551B1CFCF8230094E52F /* Debug */ = {
			isa = XCBuildConfiguration;
			buildSettings = {
				BUNDLE_LOADER = "$(TEST_HOST)";
				INFOPLIST_FILE = carouselTests/Info.plist;
				LD_RUNPATH_SEARCH_PATHS = "$(inherited) @executable_path/Frameworks @loader_path/Frameworks";
				PRODUCT_BUNDLE_IDENTIFIER = com.tyeung.carouselTests;
				PRODUCT_NAME = "$(TARGET_NAME)";
				TEST_HOST = "$(BUILT_PRODUCTS_DIR)/carousel.app/carousel";
			};
			name = Debug;
		};
		D6D6551C1CFCF8230094E52F /* Release */ = {
			isa = XCBuildConfiguration;
			buildSettings = {
				BUNDLE_LOADER = "$(TEST_HOST)";
				INFOPLIST_FILE = carouselTests/Info.plist;
				LD_RUNPATH_SEARCH_PATHS = "$(inherited) @executable_path/Frameworks @loader_path/Frameworks";
				PRODUCT_BUNDLE_IDENTIFIER = com.tyeung.carouselTests;
				PRODUCT_NAME = "$(TARGET_NAME)";
				TEST_HOST = "$(BUILT_PRODUCTS_DIR)/carousel.app/carousel";
			};
			name = Release;
		};
		D6D6551E1CFCF8230094E52F /* Debug */ = {
			isa = XCBuildConfiguration;
			buildSettings = {
				INFOPLIST_FILE = carouselUITests/Info.plist;
				LD_RUNPATH_SEARCH_PATHS = "$(inherited) @executable_path/Frameworks @loader_path/Frameworks";
				PRODUCT_BUNDLE_IDENTIFIER = com.tyeung.carouselUITests;
				PRODUCT_NAME = "$(TARGET_NAME)";
				TEST_TARGET_NAME = carousel;
				USES_XCTRUNNER = YES;
			};
			name = Debug;
		};
		D6D6551F1CFCF8230094E52F /* Release */ = {
			isa = XCBuildConfiguration;
			buildSettings = {
				INFOPLIST_FILE = carouselUITests/Info.plist;
				LD_RUNPATH_SEARCH_PATHS = "$(inherited) @executable_path/Frameworks @loader_path/Frameworks";
				PRODUCT_BUNDLE_IDENTIFIER = com.tyeung.carouselUITests;
				PRODUCT_NAME = "$(TARGET_NAME)";
				TEST_TARGET_NAME = carousel;
				USES_XCTRUNNER = YES;
			};
			name = Release;
		};
/* End XCBuildConfiguration section */

/* Begin XCConfigurationList section */
		D6D654EA1CFCF8220094E52F /* Build configuration list for PBXProject "carousel" */ = {
			isa = XCConfigurationList;
			buildConfigurations = (
				D6D655151CFCF8230094E52F /* Debug */,
				D6D655161CFCF8230094E52F /* Release */,
			);
			defaultConfigurationIsVisible = 0;
			defaultConfigurationName = Release;
		};
		D6D655171CFCF8230094E52F /* Build configuration list for PBXNativeTarget "carousel" */ = {
			isa = XCConfigurationList;
			buildConfigurations = (
				D6D655181CFCF8230094E52F /* Debug */,
				D6D655191CFCF8230094E52F /* Release */,
			);
			defaultConfigurationIsVisible = 0;
		};
		D6D6551A1CFCF8230094E52F /* Build configuration list for PBXNativeTarget "carouselTests" */ = {
			isa = XCConfigurationList;
			buildConfigurations = (
				D6D6551B1CFCF8230094E52F /* Debug */,
				D6D6551C1CFCF8230094E52F /* Release */,
			);
			defaultConfigurationIsVisible = 0;
		};
		D6D6551D1CFCF8230094E52F /* Build configuration list for PBXNativeTarget "carouselUITests" */ = {
			isa = XCConfigurationList;
			buildConfigurations = (
				D6D6551E1CFCF8230094E52F /* Debug */,
				D6D6551F1CFCF8230094E52F /* Release */,
			);
			defaultConfigurationIsVisible = 0;
		};
/* End XCConfigurationList section */
	};
	rootObject = D6D654E71CFCF8220094E52F /* Project object */;
}
